
Microsoft Visual Studio Solution File, Format Version 11.00
# Visual Studio 2010
Project("{8BC9CEB8-8B4A-11D0-8D11-00A0C91BC942}") = "xosmkinst", "xosmkinst.vcxproj", "{DDAFF8D4-812A-6FC4-23A6-ABCF8D1F3AA5}"
EndProject
Global
	GlobalSection(SolutionConfigurationPlatforms) = preSolution
		Debug|Win32 = Debug|Win32
		Release|Win32 = Release|Win32
	EndGlobalSection
	GlobalSection(ProjectConfigurationPlatforms) = postSolution
		{DDAFF8D4-812A-6FC4-23A6-ABCF8D1F3AA5}.Debug|Win32.ActiveCfg = Debug|Win32
		{DDAFF8D4-812A-6FC4-23A6-ABCF8D1F3AA5}.Debug|Win32.Build.0 = Debug|Win32
		{DDAFF8D4-812A-6FC4-23A6-ABCF8D1F3AA5}.Release|Win32.ActiveCfg = Release|Win32
		{DDAFF8D4-812A-6FC4-23A6-ABCF8D1F3AA5}.Release|Win32.Build.0 = Release|Win32
	EndGlobalSection
	GlobalSection(SolutionProperties) = preSolution
		HideSolutionNode = FALSE
	EndGlobalSection
EndGlobal
