<?xml version="1.0" encoding="utf-8"?>
<Project ToolsVersion="4.0" xmlns="http://schemas.microsoft.com/developer/msbuild/2003">
  <ItemGroup>
    <Filter Include="Source Files">
      <UniqueIdentifier>{ecaa3aba-77b9-4f22-b61b-1bb0d175bd09}</UniqueIdentifier>
      <Extensions>cpp;c;cxx;rc;def;r;odl;idl;hpj;bat</Extensions>
    </Filter>
    <Filter Include="Header Files">
      <UniqueIdentifier>{36bfe4be-7b81-43bc-beb0-c7c070d54800}</UniqueIdentifier>
      <Extensions>h;hpp;hxx;hm;inl</Extensions>
    </Filter>
  </ItemGroup>
  <ItemGroup>
    <ClCompile Include="chrtbl.cpp">
      <Filter>Source Files</Filter>
    </ClCompile>
    <ClCompile Include="datetimevs.cpp">
      <Filter>Source Files</Filter>
    </ClCompile>
    <ClCompile Include="Qdes.cpp">
      <Filter>Source Files</Filter>
    </ClCompile>
    <ClCompile Include="random.cpp">
      <Filter>Source Files</Filter>
    </ClCompile>
    <ClCompile Include="swap.c">
      <Filter>Source Files</Filter>
    </ClCompile>
    <ClCompile Include="swcbase.cpp">
      <Filter>Source Files</Filter>
    </ClCompile>
    <ClCompile Include="swcbutton.cpp">
      <Filter>Source Files</Filter>
    </ClCompile>
    <ClCompile Include="swccheckbox.cpp">
      <Filter>Source Files</Filter>
    </ClCompile>
    <ClCompile Include="swcclient16.cpp">
      <Filter>Source Files</Filter>
    </ClCompile>
    <ClCompile Include="swcclient32.cpp">
      <Filter>Source Files</Filter>
    </ClCompile>
    <ClCompile Include="swcdebug.cpp">
      <Filter>Source Files</Filter>
    </ClCompile>
    <ClCompile Include="swcdisplay.cpp">
      <Filter>Source Files</Filter>
    </ClCompile>
    <ClCompile Include="swcdisplaybase.cpp">
      <Filter>Source Files</Filter>
    </ClCompile>
    <ClCompile Include="swcdisplaylinked.cpp">
      <Filter>Source Files</Filter>
    </ClCompile>
    <ClCompile Include="swcdropdown.cpp">
      <Filter>Source Files</Filter>
    </ClCompile>
    <ClCompile Include="swcdropdown2.cpp">
      <Filter>Source Files</Filter>
    </ClCompile>
    <ClCompile Include="swcedit.cpp">
      <Filter>Source Files</Filter>
    </ClCompile>
    <ClCompile Include="swcfile.cpp">
      <Filter>Source Files</Filter>
    </ClCompile>
    <ClCompile Include="swckbwedge.cpp">
      <Filter>Source Files</Filter>
    </ClCompile>
    <ClCompile Include="swclist.cpp">
      <Filter>Source Files</Filter>
    </ClCompile>
    <ClCompile Include="swcprint.cpp">
      <Filter>Source Files</Filter>
    </ClCompile>
    <ClCompile Include="swcrawprint.cpp">
      <Filter>Source Files</Filter>
    </ClCompile>
    <ClCompile Include="swcresponse.cpp">
      <Filter>Source Files</Filter>
    </ClCompile>
    <ClCompile Include="swcresponsechar.cpp">
      <Filter>Source Files</Filter>
    </ClCompile>
    <ClCompile Include="swcresponsenum.cpp">
      <Filter>Source Files</Filter>
    </ClCompile>
    <ClCompile Include="swcscale.cpp">
      <Filter>Source Files</Filter>
    </ClCompile>
    <ClCompile Include="swcscalelow.cpp">
      <Filter>Source Files</Filter>
    </ClCompile>
    <ClCompile Include="swcserver.cpp">
      <Filter>Source Files</Filter>
    </ClCompile>
    <ClCompile Include="swctabdisp.cpp">
      <Filter>Source Files</Filter>
    </ClCompile>
    <ClCompile Include="swctoplevel.cpp">
      <Filter>Source Files</Filter>
    </ClCompile>
    <ClCompile Include="swcwindows.cpp">
      <Filter>Source Files</Filter>
    </ClCompile>
    <ClCompile Include="winthread.cpp">
      <Filter>Source Files</Filter>
    </ClCompile>
    <ClCompile Include="xlatewinsocerror.cpp">
      <Filter>Source Files</Filter>
    </ClCompile>
    <ClCompile Include="xoserrmsg.cpp">
      <Filter>Source Files</Filter>
    </ClCompile>
  </ItemGroup>
</Project>